{
  "name": "powahroot",
  "version": "0.1.0",
  "lockfileVersion": 1,
  "requires": true,
  "dependencies": {
    "@types/event-emitter-es6": {
      "version": "1.1.0",
      "resolved": "https://registry.npmjs.org/@types/event-emitter-es6/-/event-emitter-es6-1.1.0.tgz",
      "integrity": "sha512-A0010GUMSopVYUlDdzhYAD8Z2qGC2hG2H32IHy554NpGEHmsx8M6/lLZRRqxXCxLq28aYrmaZtGwDJjeNXbTDQ==",
      "dev": true
    },
    "await-fs": {
      "version": "1.0.0",
      "resolved": "https://registry.npmjs.org/await-fs/-/await-fs-1.0.0.tgz",
      "integrity": "sha1-QAnTAIYz/WYlqgCfCm8aujY38wE="
    },
    "event-emitter-es6": {
      "version": "1.1.5",
      "resolved": "https://registry.npmjs.org/event-emitter-es6/-/event-emitter-es6-1.1.5.tgz",
      "integrity": "sha1-75UxGy4Xqjm+djsDHOSvfunLeEk=",
      "dev": true
    },
    "html-entities": {
      "version": "1.2.1",
      "resolved": "https://registry.npmjs.org/html-entities/-/html-entities-1.2.1.tgz",
      "integrity": "sha1-DfKTUfByEWNRXfueVUPl9u7VFi8="
    },
    "nightink": {
      "version": "0.1.2",
      "resolved": "https://registry.npmjs.org/nightink/-/nightink-0.1.2.tgz",
      "integrity": "sha512-nAyyf1EvghaFtmwD4ox2rFiY0eWqAsW6rulIPaPC5IMv3YaNKYdQ4F7zUZ6E7eONEVQGtiCGTv6YksY9wHHs1g==",
      "requires": {
        "await-fs": "^1.0.0",
        "html-entities": "^1.2.1"
      }
    }
  }
}
